
Microsoft Visual Studio Solution File, Format Version 12.00
# Visual Studio 14
VisualStudioVersion = 14.0.25402.0
MinimumVisualStudioVersion = 10.0.40219.1
Project("{FAE04EC0-301F-11D3-BF4B-00C04F79EFBC}") = "TechFu.Nirvana", "TechFu.Nirvana\TechFu.Nirvana.csproj", "{6D5E2CA2-1DA6-4436-BA8A-93E1D44D2576}"
EndProject
Project("{FAE04EC0-301F-11D3-BF4B-00C04F79EFBC}") = "TechFu.NirVana.WebApi", "TechFu.NirVana.WebApi\TechFu.NirVana.WebApi.csproj", "{E2E27CB9-A052-4186-B4CA-F5A26ACE902B}"
EndProject
Project("{2150E333-8FDC-42A3-9474-1A3956D46DE8}") = "Samples", "Samples", "{EC367F66-0717-4DD3-9C93-32A356BCBCF3}"
EndProject
Project("{2150E333-8FDC-42A3-9474-1A3956D46DE8}") = "Tests", "Tests", "{32A064C3-BA62-4410-A374-569F4590B21E}"
EndProject
Project("{FAE04EC0-301F-11D3-BF4B-00C04F79EFBC}") = "TechFu.Nirvana.WebApi.Sample", "Samples\Simple WebApi\TechFu.Nirvana.WebApi.Sample\TechFu.Nirvana.WebApi.Sample.csproj", "{C7520000-A466-4ED6-8815-481A58572E24}"
EndProject
Project("{2150E333-8FDC-42A3-9474-1A3956D46DE8}") = "Simple WebAPI", "Simple WebAPI", "{EC53FAFC-2F5E-4889-810E-93E665BF8254}"
EndProject
Project("{2150E333-8FDC-42A3-9474-1A3956D46DE8}") = "Event Store", "Event Store", "{067A0AC9-F027-41AC-9FE3-69C376876A6E}"
EndProject
Project("{FAE04EC0-301F-11D3-BF4B-00C04F79EFBC}") = "TechFu.Nirvana.EventStoreSample.Domain", "Samples\EventStore\TechFu.Nirvana.EventStoreSample.Domain\TechFu.Nirvana.EventStoreSample.Domain.csproj", "{4742EE7C-67B1-4742-B10C-3F3545476B78}"
EndProject
Project("{FAE04EC0-301F-11D3-BF4B-00C04F79EFBC}") = "TechFu.Nirvana.EventStoreSample.Infrastructure", "Samples\EventStore\TechFu.Nirvana.EventStoreSample.Infrastructure\TechFu.Nirvana.EventStoreSample.Infrastructure.csproj", "{14892A6D-5061-4F82-9E67-85333162C755}"
EndProject
Project("{FAE04EC0-301F-11D3-BF4B-00C04F79EFBC}") = "TechFu.Nirvana.EventStoreSample.Services.Shared", "Samples\EventStore\TechFu.Nirvana.EventStoreSample.Services\TechFu.Nirvana.EventStoreSample.Services.Shared.csproj", "{D6626170-C962-48B9-B0D3-275B34DD6D7A}"
EndProject
Project("{2150E333-8FDC-42A3-9474-1A3956D46DE8}") = "Providers", "Providers", "{DADA71F0-6FE0-48B6-AE77-F309F30A1DC1}"
EndProject
Project("{FAE04EC0-301F-11D3-BF4B-00C04F79EFBC}") = "TechFu.Nirvana.AzureQueues", "TechFu.Nirvana.AzureQueues\TechFu.Nirvana.AzureQueues.csproj", "{47E14CFF-8608-4DA3-B6C6-6FA23EFFBE89}"
EndProject
Project("{FAE04EC0-301F-11D3-BF4B-00C04F79EFBC}") = "TechFu.Nirvana.IntegrationTests", "TechFu.Nirvana.IntegrationTests\TechFu.Nirvana.IntegrationTests.csproj", "{C8BAE784-4FE1-4DB8-9DD1-470FB17C3A97}"
EndProject
Project("{FAE04EC0-301F-11D3-BF4B-00C04F79EFBC}") = "TechFu.Nirvana.TestFramework", "TechFu.Nirvana.TestFramework\TechFu.Nirvana.TestFramework.csproj", "{8FEBD536-9EDB-487F-A0A8-AA87F93CEA71}"
EndProject
Project("{FAE04EC0-301F-11D3-BF4B-00C04F79EFBC}") = "TechFu.Nirvana.Data", "TechFu.Nirvana.Data\TechFu.Nirvana.Data.csproj", "{1332AD6E-F98F-4CD7-A353-B9F94C7FC13F}"
EndProject
Project("{FAE04EC0-301F-11D3-BF4B-00C04F79EFBC}") = "TechFu.Nirvana.EventStoreSample.WebAPI.Commands", "Samples\EventStore\TechFu.Nirvana.EventStoreSample.WebAPI.Commands\TechFu.Nirvana.EventStoreSample.WebAPI.Commands.csproj", "{DA980A43-C58F-4697-82D5-BD14BB209362}"
EndProject
Project("{2150E333-8FDC-42A3-9474-1A3956D46DE8}") = "SolutionScripts", "SolutionScripts", "{22832FCA-268F-4F25-A141-90339D031E03}"
	ProjectSection(SolutionItems) = preProject
		SolutionScripts\hosts.ps1 = SolutionScripts\hosts.ps1
		SolutionScripts\iis.ps1 = SolutionScripts\iis.ps1
		SolutionScripts\ssl.ps1 = SolutionScripts\ssl.ps1
		SolutionScripts\testing.ps1 = SolutionScripts\testing.ps1
	EndProjectSection
EndProject
Project("{2150E333-8FDC-42A3-9474-1A3956D46DE8}") = "API Endpoints", "API Endpoints", "{DCB5C9D3-8273-423F-99ED-578B0FBA90C8}"
EndProject
Project("{FAE04EC0-301F-11D3-BF4B-00C04F79EFBC}") = "TechFu.Nirvana.EventStoreSample.WebAPI.CommandProcessor", "Samples\EventStore\TechFu.Nirvana.EventStoreSample.WebAPI.CommandProcessor\TechFu.Nirvana.EventStoreSample.WebAPI.CommandProcessor.csproj", "{243C200C-6680-4649-A554-75751CA7EDAD}"
EndProject
Project("{2150E333-8FDC-42A3-9474-1A3956D46DE8}") = "API Processors", "API Processors", "{1ECA6730-5BE1-41CE-BCA5-73AEC8506306}"
EndProject
Project("{FAE04EC0-301F-11D3-BF4B-00C04F79EFBC}") = "TechFu.Nirvana.EventStoreSample.QueueCommandProcessor", "TechFu.Nirvana.EventStoreSample.QueueCommandProcessor\TechFu.Nirvana.EventStoreSample.QueueCommandProcessor.csproj", "{5E01F8CB-BD51-4F63-AC1F-C99E8E35B844}"
EndProject
Project("{FAE04EC0-301F-11D3-BF4B-00C04F79EFBC}") = "TechFu.Nirvana.EventStoreSample.WebAPI.Queries", "Samples\EventStore\TechFu.Nirvana.EventStoreSample.WebAPI.Queries\TechFu.Nirvana.EventStoreSample.WebAPI.Queries.csproj", "{257C1D40-6B8A-44FC-AF96-436D14DF6439}"
EndProject
Project("{FAE04EC0-301F-11D3-BF4B-00C04F79EFBC}") = "TechFu.Nirvana.EventStoreSample.WebAPI.Notifications", "Samples\EventStore\TechFu.Nirvana.EventStoreSample.WebAPI.Notifications\TechFu.Nirvana.EventStoreSample.WebAPI.Notifications.csproj", "{1B125B71-EDF2-457F-BA20-C01F73CF467F}"
EndProject
Project("{FAE04EC0-301F-11D3-BF4B-00C04F79EFBC}") = "TechFu.Nirvana.WebUtils", "TechFu.Nirvana.WebUtils\TechFu.Nirvana.WebUtils.csproj", "{BB85B7D1-9352-4192-83D3-4A5B16C5434D}"
EndProject
Project("{2150E333-8FDC-42A3-9474-1A3956D46DE8}") = "Internal Domain", "Internal Domain", "{8DA75389-1603-415A-9EF2-3E8FD51A532A}"
EndProject
Global
	GlobalSection(SolutionConfigurationPlatforms) = preSolution
		Debug|Any CPU = Debug|Any CPU
		Release|Any CPU = Release|Any CPU
	EndGlobalSection
	GlobalSection(ProjectConfigurationPlatforms) = postSolution
		{6D5E2CA2-1DA6-4436-BA8A-93E1D44D2576}.Debug|Any CPU.ActiveCfg = Debug|Any CPU
		{6D5E2CA2-1DA6-4436-BA8A-93E1D44D2576}.Debug|Any CPU.Build.0 = Debug|Any CPU
		{6D5E2CA2-1DA6-4436-BA8A-93E1D44D2576}.Release|Any CPU.ActiveCfg = Release|Any CPU
		{6D5E2CA2-1DA6-4436-BA8A-93E1D44D2576}.Release|Any CPU.Build.0 = Release|Any CPU
		{E2E27CB9-A052-4186-B4CA-F5A26ACE902B}.Debug|Any CPU.ActiveCfg = Debug|Any CPU
		{E2E27CB9-A052-4186-B4CA-F5A26ACE902B}.Debug|Any CPU.Build.0 = Debug|Any CPU
		{E2E27CB9-A052-4186-B4CA-F5A26ACE902B}.Release|Any CPU.ActiveCfg = Release|Any CPU
		{E2E27CB9-A052-4186-B4CA-F5A26ACE902B}.Release|Any CPU.Build.0 = Release|Any CPU
		{C7520000-A466-4ED6-8815-481A58572E24}.Debug|Any CPU.ActiveCfg = Debug|Any CPU
		{C7520000-A466-4ED6-8815-481A58572E24}.Debug|Any CPU.Build.0 = Debug|Any CPU
		{C7520000-A466-4ED6-8815-481A58572E24}.Release|Any CPU.ActiveCfg = Release|Any CPU
		{C7520000-A466-4ED6-8815-481A58572E24}.Release|Any CPU.Build.0 = Release|Any CPU
		{4742EE7C-67B1-4742-B10C-3F3545476B78}.Debug|Any CPU.ActiveCfg = Debug|Any CPU
		{4742EE7C-67B1-4742-B10C-3F3545476B78}.Debug|Any CPU.Build.0 = Debug|Any CPU
		{4742EE7C-67B1-4742-B10C-3F3545476B78}.Release|Any CPU.ActiveCfg = Release|Any CPU
		{4742EE7C-67B1-4742-B10C-3F3545476B78}.Release|Any CPU.Build.0 = Release|Any CPU
		{14892A6D-5061-4F82-9E67-85333162C755}.Debug|Any CPU.ActiveCfg = Debug|Any CPU
		{14892A6D-5061-4F82-9E67-85333162C755}.Debug|Any CPU.Build.0 = Debug|Any CPU
		{14892A6D-5061-4F82-9E67-85333162C755}.Release|Any CPU.ActiveCfg = Release|Any CPU
		{14892A6D-5061-4F82-9E67-85333162C755}.Release|Any CPU.Build.0 = Release|Any CPU
		{D6626170-C962-48B9-B0D3-275B34DD6D7A}.Debug|Any CPU.ActiveCfg = Debug|Any CPU
		{D6626170-C962-48B9-B0D3-275B34DD6D7A}.Debug|Any CPU.Build.0 = Debug|Any CPU
		{D6626170-C962-48B9-B0D3-275B34DD6D7A}.Release|Any CPU.ActiveCfg = Release|Any CPU
		{D6626170-C962-48B9-B0D3-275B34DD6D7A}.Release|Any CPU.Build.0 = Release|Any CPU
		{47E14CFF-8608-4DA3-B6C6-6FA23EFFBE89}.Debug|Any CPU.ActiveCfg = Debug|Any CPU
		{47E14CFF-8608-4DA3-B6C6-6FA23EFFBE89}.Debug|Any CPU.Build.0 = Debug|Any CPU
		{47E14CFF-8608-4DA3-B6C6-6FA23EFFBE89}.Release|Any CPU.ActiveCfg = Release|Any CPU
		{47E14CFF-8608-4DA3-B6C6-6FA23EFFBE89}.Release|Any CPU.Build.0 = Release|Any CPU
		{C8BAE784-4FE1-4DB8-9DD1-470FB17C3A97}.Debug|Any CPU.ActiveCfg = Debug|Any CPU
		{C8BAE784-4FE1-4DB8-9DD1-470FB17C3A97}.Debug|Any CPU.Build.0 = Debug|Any CPU
		{C8BAE784-4FE1-4DB8-9DD1-470FB17C3A97}.Release|Any CPU.ActiveCfg = Release|Any CPU
		{C8BAE784-4FE1-4DB8-9DD1-470FB17C3A97}.Release|Any CPU.Build.0 = Release|Any CPU
		{8FEBD536-9EDB-487F-A0A8-AA87F93CEA71}.Debug|Any CPU.ActiveCfg = Debug|Any CPU
		{8FEBD536-9EDB-487F-A0A8-AA87F93CEA71}.Debug|Any CPU.Build.0 = Debug|Any CPU
		{8FEBD536-9EDB-487F-A0A8-AA87F93CEA71}.Release|Any CPU.ActiveCfg = Release|Any CPU
		{8FEBD536-9EDB-487F-A0A8-AA87F93CEA71}.Release|Any CPU.Build.0 = Release|Any CPU
		{1332AD6E-F98F-4CD7-A353-B9F94C7FC13F}.Debug|Any CPU.ActiveCfg = Debug|Any CPU
		{1332AD6E-F98F-4CD7-A353-B9F94C7FC13F}.Debug|Any CPU.Build.0 = Debug|Any CPU
		{1332AD6E-F98F-4CD7-A353-B9F94C7FC13F}.Release|Any CPU.ActiveCfg = Release|Any CPU
		{1332AD6E-F98F-4CD7-A353-B9F94C7FC13F}.Release|Any CPU.Build.0 = Release|Any CPU
		{DA980A43-C58F-4697-82D5-BD14BB209362}.Debug|Any CPU.ActiveCfg = Debug|Any CPU
		{DA980A43-C58F-4697-82D5-BD14BB209362}.Debug|Any CPU.Build.0 = Debug|Any CPU
		{DA980A43-C58F-4697-82D5-BD14BB209362}.Release|Any CPU.ActiveCfg = Release|Any CPU
		{DA980A43-C58F-4697-82D5-BD14BB209362}.Release|Any CPU.Build.0 = Release|Any CPU
		{243C200C-6680-4649-A554-75751CA7EDAD}.Debug|Any CPU.ActiveCfg = Debug|Any CPU
		{243C200C-6680-4649-A554-75751CA7EDAD}.Debug|Any CPU.Build.0 = Debug|Any CPU
		{243C200C-6680-4649-A554-75751CA7EDAD}.Release|Any CPU.ActiveCfg = Release|Any CPU
		{243C200C-6680-4649-A554-75751CA7EDAD}.Release|Any CPU.Build.0 = Release|Any CPU
		{5E01F8CB-BD51-4F63-AC1F-C99E8E35B844}.Debug|Any CPU.ActiveCfg = Debug|Any CPU
		{5E01F8CB-BD51-4F63-AC1F-C99E8E35B844}.Debug|Any CPU.Build.0 = Debug|Any CPU
		{5E01F8CB-BD51-4F63-AC1F-C99E8E35B844}.Release|Any CPU.ActiveCfg = Release|Any CPU
		{5E01F8CB-BD51-4F63-AC1F-C99E8E35B844}.Release|Any CPU.Build.0 = Release|Any CPU
		{257C1D40-6B8A-44FC-AF96-436D14DF6439}.Debug|Any CPU.ActiveCfg = Debug|Any CPU
		{257C1D40-6B8A-44FC-AF96-436D14DF6439}.Debug|Any CPU.Build.0 = Debug|Any CPU
		{257C1D40-6B8A-44FC-AF96-436D14DF6439}.Release|Any CPU.ActiveCfg = Release|Any CPU
		{257C1D40-6B8A-44FC-AF96-436D14DF6439}.Release|Any CPU.Build.0 = Release|Any CPU
		{1B125B71-EDF2-457F-BA20-C01F73CF467F}.Debug|Any CPU.ActiveCfg = Debug|Any CPU
		{1B125B71-EDF2-457F-BA20-C01F73CF467F}.Debug|Any CPU.Build.0 = Debug|Any CPU
		{1B125B71-EDF2-457F-BA20-C01F73CF467F}.Release|Any CPU.ActiveCfg = Release|Any CPU
		{1B125B71-EDF2-457F-BA20-C01F73CF467F}.Release|Any CPU.Build.0 = Release|Any CPU
		{BB85B7D1-9352-4192-83D3-4A5B16C5434D}.Debug|Any CPU.ActiveCfg = Debug|Any CPU
		{BB85B7D1-9352-4192-83D3-4A5B16C5434D}.Debug|Any CPU.Build.0 = Debug|Any CPU
		{BB85B7D1-9352-4192-83D3-4A5B16C5434D}.Release|Any CPU.ActiveCfg = Release|Any CPU
		{BB85B7D1-9352-4192-83D3-4A5B16C5434D}.Release|Any CPU.Build.0 = Release|Any CPU
	EndGlobalSection
	GlobalSection(SolutionProperties) = preSolution
		HideSolutionNode = FALSE
	EndGlobalSection
	GlobalSection(NestedProjects) = preSolution
		{C7520000-A466-4ED6-8815-481A58572E24} = {EC53FAFC-2F5E-4889-810E-93E665BF8254}
		{EC53FAFC-2F5E-4889-810E-93E665BF8254} = {EC367F66-0717-4DD3-9C93-32A356BCBCF3}
		{067A0AC9-F027-41AC-9FE3-69C376876A6E} = {EC367F66-0717-4DD3-9C93-32A356BCBCF3}
		{4742EE7C-67B1-4742-B10C-3F3545476B78} = {8DA75389-1603-415A-9EF2-3E8FD51A532A}
		{14892A6D-5061-4F82-9E67-85333162C755} = {8DA75389-1603-415A-9EF2-3E8FD51A532A}
		{D6626170-C962-48B9-B0D3-275B34DD6D7A} = {8DA75389-1603-415A-9EF2-3E8FD51A532A}
		{47E14CFF-8608-4DA3-B6C6-6FA23EFFBE89} = {DADA71F0-6FE0-48B6-AE77-F309F30A1DC1}
		{C8BAE784-4FE1-4DB8-9DD1-470FB17C3A97} = {32A064C3-BA62-4410-A374-569F4590B21E}
		{8FEBD536-9EDB-487F-A0A8-AA87F93CEA71} = {32A064C3-BA62-4410-A374-569F4590B21E}
		{DA980A43-C58F-4697-82D5-BD14BB209362} = {DCB5C9D3-8273-423F-99ED-578B0FBA90C8}
		{DCB5C9D3-8273-423F-99ED-578B0FBA90C8} = {067A0AC9-F027-41AC-9FE3-69C376876A6E}
		{243C200C-6680-4649-A554-75751CA7EDAD} = {DCB5C9D3-8273-423F-99ED-578B0FBA90C8}
		{1ECA6730-5BE1-41CE-BCA5-73AEC8506306} = {067A0AC9-F027-41AC-9FE3-69C376876A6E}
		{5E01F8CB-BD51-4F63-AC1F-C99E8E35B844} = {1ECA6730-5BE1-41CE-BCA5-73AEC8506306}
		{257C1D40-6B8A-44FC-AF96-436D14DF6439} = {DCB5C9D3-8273-423F-99ED-578B0FBA90C8}
		{1B125B71-EDF2-457F-BA20-C01F73CF467F} = {DCB5C9D3-8273-423F-99ED-578B0FBA90C8}
		{BB85B7D1-9352-4192-83D3-4A5B16C5434D} = {DADA71F0-6FE0-48B6-AE77-F309F30A1DC1}
		{8DA75389-1603-415A-9EF2-3E8FD51A532A} = {067A0AC9-F027-41AC-9FE3-69C376876A6E}
	EndGlobalSection
EndGlobal
